
Microsoft Visual Studio Solution File, Format Version 12.00
# Visual Studio Version 17
VisualStudioVersion = 17.11.35222.181
MinimumVisualStudioVersion = 10.0.40219.1
Project("{FAE04EC0-301F-11D3-BF4B-00C04F79EFBC}") = "C04-P02", "C04-P02.csproj", "{5117E571-A3A4-49BF-A9E0-54B008850FAE}"
EndProject
Global
	GlobalSection(SolutionConfigurationPlatforms) = preSolution
		Debug|Any CPU = Debug|Any CPU
		Release|Any CPU = Release|Any CPU
	EndGlobalSection
	GlobalSection(ProjectConfigurationPlatforms) = postSolution
		{5117E571-A3A4-49BF-A9E0-54B008850FAE}.Debug|Any CPU.ActiveCfg = Debug|Any CPU
		{5117E571-A3A4-49BF-A9E0-54B008850FAE}.Debug|Any CPU.Build.0 = Debug|Any CPU
		{5117E571-A3A4-49BF-A9E0-54B008850FAE}.Release|Any CPU.ActiveCfg = Release|Any CPU
		{5117E571-A3A4-49BF-A9E0-54B008850FAE}.Release|Any CPU.Build.0 = Release|Any CPU
	EndGlobalSection
	GlobalSection(SolutionProperties) = preSolution
		HideSolutionNode = FALSE
	EndGlobalSection
	GlobalSection(ExtensibilityGlobals) = postSolution
		SolutionGuid = {AB6E47A0-13B5-4CE6-998A-4AEE7B111F24}
	EndGlobalSection
EndGlobal
